
Microsoft Visual Studio Solution File, Format Version 12.00
# Visual Studio 2012
Project("{FAE04EC0-301F-11D3-BF4B-00C04F79EFBC}") = "Route4MeSDKLibrary", "Route4MeSDKLibrary\Route4MeSDKLibrary.csproj", "{37E5D3FC-BBF7-4BD8-98E6-A58DC9138D98}"
EndProject
Project("{FAE04EC0-301F-11D3-BF4B-00C04F79EFBC}") = "Route4MeSDKTest", "Route4MeSDKTest\Route4MeSDKTest.csproj", "{DBA0AA41-4223-4404-B3E6-4948FE147A40}"
EndProject
Project("{2150E333-8FDC-42A3-9474-1A3956D46DE8}") = ".nuget", ".nuget", "{8BA18B34-5258-42D7-BCAE-6EEB86520598}"
	ProjectSection(SolutionItems) = preProject
		.nuget\packages.config = .nuget\packages.config
	EndProjectSection
EndProject
Project("{FAE04EC0-301F-11D3-BF4B-00C04F79EFBC}") = "Route4MeSDKUnitTest", "Route4MeSDKUnitTest\Route4MeSDKUnitTest.csproj", "{2F85C71C-685A-4353-9A1B-7A1E3C409325}"
EndProject
Project("{2150E333-8FDC-42A3-9474-1A3956D46DE8}") = "Solution Items", "Solution Items", "{1931F7E2-192B-4C1A-9150-A4D454B04C02}"
	ProjectSection(SolutionItems) = preProject
		Route4MeSDK.vsmdi = Route4MeSDK.vsmdi
		Route4MeSDKUnitTest.testsettings = Route4MeSDKUnitTest.testsettings
	EndProjectSection
EndProject
Global
	GlobalSection(TestCaseManagementSettings) = postSolution
		CategoryFile = Route4MeSDK.vsmdi
	EndGlobalSection
	GlobalSection(SolutionConfigurationPlatforms) = preSolution
		Debug|Any CPU = Debug|Any CPU
		Release|Any CPU = Release|Any CPU
	EndGlobalSection
	GlobalSection(ProjectConfigurationPlatforms) = postSolution
		{37E5D3FC-BBF7-4BD8-98E6-A58DC9138D98}.Debug|Any CPU.ActiveCfg = Debug|Any CPU
		{37E5D3FC-BBF7-4BD8-98E6-A58DC9138D98}.Debug|Any CPU.Build.0 = Debug|Any CPU
		{37E5D3FC-BBF7-4BD8-98E6-A58DC9138D98}.Release|Any CPU.ActiveCfg = Release|Any CPU
		{37E5D3FC-BBF7-4BD8-98E6-A58DC9138D98}.Release|Any CPU.Build.0 = Release|Any CPU
		{DBA0AA41-4223-4404-B3E6-4948FE147A40}.Debug|Any CPU.ActiveCfg = Debug|Any CPU
		{DBA0AA41-4223-4404-B3E6-4948FE147A40}.Debug|Any CPU.Build.0 = Debug|Any CPU
		{DBA0AA41-4223-4404-B3E6-4948FE147A40}.Release|Any CPU.ActiveCfg = Release|Any CPU
		{DBA0AA41-4223-4404-B3E6-4948FE147A40}.Release|Any CPU.Build.0 = Release|Any CPU
		{2F85C71C-685A-4353-9A1B-7A1E3C409325}.Debug|Any CPU.ActiveCfg = Debug|Any CPU
		{2F85C71C-685A-4353-9A1B-7A1E3C409325}.Debug|Any CPU.Build.0 = Debug|Any CPU
		{2F85C71C-685A-4353-9A1B-7A1E3C409325}.Release|Any CPU.ActiveCfg = Release|Any CPU
		{2F85C71C-685A-4353-9A1B-7A1E3C409325}.Release|Any CPU.Build.0 = Release|Any CPU
	EndGlobalSection
	GlobalSection(SolutionProperties) = preSolution
		HideSolutionNode = FALSE
	EndGlobalSection
EndGlobal
